
Microsoft Visual Studio Solution File, Format Version 12.00
# Visual Studio Version 16
VisualStudioVersion = 16.0.31019.35
MinimumVisualStudioVersion = 10.0.40219.1
Project("{FAE04EC0-301F-11D3-BF4B-00C04F79EFBC}") = "WebApp", "WebApp\WebApp.csproj", "{3D3CF1A2-0BCE-40D1-B803-A213B34D5D32}"
EndProject
Project("{FAE04EC0-301F-11D3-BF4B-00C04F79EFBC}") = "WebApp.Tests", "WebApp.Tests\WebApp.Tests.csproj", "{722A4256-031E-42D9-BE6D-0BCB558790A0}"
EndProject
Global
	GlobalSection(SolutionConfigurationPlatforms) = preSolution
		Debug|Any CPU = Debug|Any CPU
		Release|Any CPU = Release|Any CPU
	EndGlobalSection
	GlobalSection(ProjectConfigurationPlatforms) = postSolution
		{3D3CF1A2-0BCE-40D1-B803-A213B34D5D32}.Debug|Any CPU.ActiveCfg = Debug|Any CPU
		{3D3CF1A2-0BCE-40D1-B803-A213B34D5D32}.Debug|Any CPU.Build.0 = Debug|Any CPU
		{3D3CF1A2-0BCE-40D1-B803-A213B34D5D32}.Release|Any CPU.ActiveCfg = Release|Any CPU
		{3D3CF1A2-0BCE-40D1-B803-A213B34D5D32}.Release|Any CPU.Build.0 = Release|Any CPU
		{722A4256-031E-42D9-BE6D-0BCB558790A0}.Debug|Any CPU.ActiveCfg = Debug|Any CPU
		{722A4256-031E-42D9-BE6D-0BCB558790A0}.Debug|Any CPU.Build.0 = Debug|Any CPU
		{722A4256-031E-42D9-BE6D-0BCB558790A0}.Release|Any CPU.ActiveCfg = Release|Any CPU
		{722A4256-031E-42D9-BE6D-0BCB558790A0}.Release|Any CPU.Build.0 = Release|Any CPU
	EndGlobalSection
	GlobalSection(SolutionProperties) = preSolution
		HideSolutionNode = FALSE
	EndGlobalSection
	GlobalSection(ExtensibilityGlobals) = postSolution
		SolutionGuid = {32CFD707-3254-4168-89E2-F9521A4854E8}
	EndGlobalSection
EndGlobal
